
Microsoft Visual Studio Solution File, Format Version 12.00
# Visual Studio 15
VisualStudioVersion = 15.0.28307.2092
MinimumVisualStudioVersion = 10.0.40219.1
Project("{FAE04EC0-301F-11D3-BF4B-00C04F79EFBC}") = "HelloWorld", "HelloWorld\HelloWorld.csproj", "{CAB9B760-6748-4A78-9849-2948D6236073}"
EndProject
Global
	GlobalSection(SolutionConfigurationPlatforms) = preSolution
		Debug|Any CPU = Debug|Any CPU
		Release|Any CPU = Release|Any CPU
	EndGlobalSection
	GlobalSection(ProjectConfigurationPlatforms) = postSolution
		{CAB9B760-6748-4A78-9849-2948D6236073}.Debug|Any CPU.ActiveCfg = Debug|Any CPU
		{CAB9B760-6748-4A78-9849-2948D6236073}.Debug|Any CPU.Build.0 = Debug|Any CPU
		{CAB9B760-6748-4A78-9849-2948D6236073}.Release|Any CPU.ActiveCfg = Release|Any CPU
		{CAB9B760-6748-4A78-9849-2948D6236073}.Release|Any CPU.Build.0 = Release|Any CPU
	EndGlobalSection
	GlobalSection(SolutionProperties) = preSolution
		HideSolutionNode = FALSE
	EndGlobalSection
	GlobalSection(ExtensibilityGlobals) = postSolution
		SolutionGuid = {76F3086B-8DA8-4E8C-9065-F4772C1F91BD}
	EndGlobalSection
EndGlobal
